<?xml version="1.0" encoding="UTF-8" standalone="yes" ?>
<CodeBlocks_project_file>
	<FileVersion major="1" minor="6" />
	<Project>
		<Option title="3S3K3D" />
		<Option pch_mode="2" />
		<Option compiler="gcc" />
		<Build>
			<Target title="Debug">
				<Option output="../bin/Debug/3S3K3D" prefix_auto="1" extension_auto="1" />
				<Option working_dir="../bin/Linux" />
				<Option object_output="../obj/Debug/" />
				<Option type="1" />
				<Option compiler="gcc" />
				<Compiler>
					<Add option="-g" />
					<Add directory="include" />
				</Compiler>
				<Linker>
					<Add library="SDL" />
					<Add library="opengl32" />
				</Linker>
			</Target>
			<Target title="Release">
				<Option output="../bin/Release/3S3K3D" prefix_auto="1" extension_auto="1" />
				<Option object_output="../obj/Release/" />
				<Option type="1" />
				<Option compiler="gcc" />
				<Compiler>
					<Add option="-O2" />
				</Compiler>
				<Linker>
					<Add option="-s" />
				</Linker>
			</Target>
			<Target title="Windows">
				<Option output="../bin/Windows/3S3K3D" prefix_auto="1" extension_auto="1" />
				<Option object_output="../obj/Windows/" />
				<Option type="1" />
				<Option compiler="gcc" />
				<Option use_console_runner="0" />
				<Compiler>
					<Add option="-g" />
					<Add directory="include" />
				</Compiler>
				<Linker>
					<Add library="SDL" />
					<Add library="opengl32" />
					<Add library="glew32" />
					<Add directory="../obj/Windows/src/glew" />
				</Linker>
			</Target>
			<Target title="Linux">
				<Option output="../bin/Linux/3S3K3D" prefix_auto="1" extension_auto="1" />
				<Option working_dir="../bin/Linux" />
				<Option object_output="../obj/Linux/" />
				<Option type="1" />
				<Option compiler="gcc" />
				<Compiler>
					<Add option="-g" />
					<Add directory="include" />
					<Add directory="../../../downloads/src/SDL_image" />
				</Compiler>
				<Linker>
					<Add library="SDL" />
					<Add library="GL" />
					<Add library="GLEW" />
					<Add directory="../../../downloads/src/SDL_image" />
				</Linker>
			</Target>
		</Build>
		<Compiler>
			<Add option="-Wall" />
		</Compiler>
		<Unit filename="bin/data/shaders/default.fs" />
		<Unit filename="bin/data/shaders/default.vs" />
		<Unit filename="bin/data/shaders/extents.fs" />
		<Unit filename="bin/data/shaders/extents.vs" />
		<Unit filename="include/core/gameprogram.h" />
		<Unit filename="include/core/gamewindow.h" />
		<Unit filename="include/geometry/extents2.h" />
		<Unit filename="include/geometry/extents3.h" />
		<Unit filename="include/geometry/interval.h" />
		<Unit filename="include/geometry/line2.h" />
		<Unit filename="include/geometry/line3.h" />
		<Unit filename="include/geometry/linesegment2.h" />
		<Unit filename="include/geometry/linesegment3.h" />
		<Unit filename="include/geometry/math.h" />
		<Unit filename="include/geometry/matrix2x2.h" />
		<Unit filename="include/geometry/matrix3x3.h" />
		<Unit filename="include/geometry/matrix4x4.h" />
		<Unit filename="include/geometry/plane2.h" />
		<Unit filename="include/geometry/plane3.h" />
		<Unit filename="include/geometry/ray2.h" />
		<Unit filename="include/geometry/ray3.h" />
		<Unit filename="include/geometry/runtimeassert.h" />
		<Unit filename="include/geometry/staticassert.h" />
		<Unit filename="include/geometry/transform2.h" />
		<Unit filename="include/geometry/transform3.h" />
		<Unit filename="include/geometry/vector2.h" />
		<Unit filename="include/geometry/vector2array.h" />
		<Unit filename="include/geometry/vector3.h" />
		<Unit filename="include/geometry/vector3array.h" />
		<Unit filename="include/graphics/blendsettings.h" />
		<Unit filename="include/graphics/cameranode.h" />
		<Unit filename="include/graphics/color.h" />
		<Unit filename="include/graphics/colorarray.h" />
		<Unit filename="include/graphics/culltestsettings.h" />
		<Unit filename="include/graphics/depthtestsettings.h" />
		<Unit filename="include/graphics/drawparams.h" />
		<Unit filename="include/graphics/fragmentshader.h" />
		<Unit filename="include/graphics/geometrynode.h" />
		<Unit filename="include/graphics/groupnode.h" />
		<Unit filename="include/graphics/indexarray.h" />
		<Unit filename="include/graphics/meshnode.h" />
		<Unit filename="include/graphics/node.h" />
		<Unit filename="include/graphics/opengl.h" />
		<Unit filename="include/graphics/predrawparams.h" />
		<Unit filename="include/graphics/projectionsettings.h" />
		<Unit filename="include/graphics/renderqueue.h" />
		<Unit filename="include/graphics/resourcemanager.h" />
		<Unit filename="include/graphics/runtimeassert.h" />
		<Unit filename="include/graphics/shader.h" />
		<Unit filename="include/graphics/shaderprogram.h" />
		<Unit filename="include/graphics/staticassert.h" />
		<Unit filename="include/graphics/stenciltestsettings.h" />
		<Unit filename="include/graphics/vertexshader.h" />
		<Unit filename="include/input/keyboard.h" />
		<Unit filename="include/input/sdlkeyboard.h" />
		<Unit filename="src/game/gameprogram.cpp" />
		<Unit filename="src/game/gameprogram.h" />
		<Unit filename="src/game/gamewindow.cpp" />
		<Unit filename="src/game/gamewindow.h" />
		<Unit filename="src/game/main.cpp" />
		<Unit filename="src/geometry/extents2.cpp" />
		<Unit filename="src/geometry/extents3.cpp" />
		<Unit filename="src/geometry/interval.cpp" />
		<Unit filename="src/geometry/line2.cpp" />
		<Unit filename="src/geometry/line3.cpp" />
		<Unit filename="src/geometry/linesegment2.cpp" />
		<Unit filename="src/geometry/linesegment3.cpp" />
		<Unit filename="src/geometry/math.cpp" />
		<Unit filename="src/geometry/matrix2x2.cpp" />
		<Unit filename="src/geometry/matrix3x3.cpp" />
		<Unit filename="src/geometry/matrix4x4.cpp" />
		<Unit filename="src/geometry/plane2.cpp" />
		<Unit filename="src/geometry/plane3.cpp" />
		<Unit filename="src/geometry/ray2.cpp" />
		<Unit filename="src/geometry/ray3.cpp" />
		<Unit filename="src/geometry/transform2.cpp" />
		<Unit filename="src/geometry/transform3.cpp" />
		<Unit filename="src/geometry/vector2.cpp" />
		<Unit filename="src/geometry/vector2array.cpp" />
		<Unit filename="src/geometry/vector3.cpp" />
		<Unit filename="src/geometry/vector3array.cpp" />
		<Unit filename="src/graphics/blendsettings.cpp" />
		<Unit filename="src/graphics/cameranode.cpp" />
		<Unit filename="src/graphics/color.cpp" />
		<Unit filename="src/graphics/colorarray.cpp" />
		<Unit filename="src/graphics/culltestsettings.cpp" />
		<Unit filename="src/graphics/depthtestsettings.cpp" />
		<Unit filename="src/graphics/drawparams.cpp" />
		<Unit filename="src/graphics/fragmentshader.cpp" />
		<Unit filename="src/graphics/geometrynode.cpp" />
		<Unit filename="src/graphics/groupnode.cpp" />
		<Unit filename="src/graphics/indexarray.cpp" />
		<Unit filename="src/graphics/meshnode.cpp" />
		<Unit filename="src/graphics/node.cpp" />
		<Unit filename="src/graphics/predrawparams.cpp" />
		<Unit filename="src/graphics/projectionsettings.cpp" />
		<Unit filename="src/graphics/renderqueue.cpp" />
		<Unit filename="src/graphics/shader.cpp" />
		<Unit filename="src/graphics/shaderprogram.cpp" />
		<Unit filename="src/graphics/stenciltestsettings.cpp" />
		<Unit filename="src/graphics/vertexshader.cpp" />
		<Unit filename="src/input/keyboard.cpp" />
		<Unit filename="src/input/sdlkeyboard.cpp" />
		<Extensions>
			<envvars />
			<code_completion />
			<lib_finder disable_auto="1" />
			<debugger />
		</Extensions>
	</Project>
</CodeBlocks_project_file>
