<?xml version="1.0" encoding="UTF-8" standalone="yes" ?>
<CodeBlocks_project_file>
	<FileVersion major="1" minor="6" />
	<Project>
		<Option title="3S3K3D" />
		<Option pch_mode="2" />
		<Option compiler="gcc" />
		<Build>
			<Target title="Debug">
				<Option output="../bin/Debug/3S3K3D" prefix_auto="1" extension_auto="1" />
				<Option object_output="../obj/Debug/" />
				<Option type="1" />
				<Option compiler="gcc" />
				<Compiler>
					<Add option="-g" />
					<Add directory="include" />
				</Compiler>
				<Linker>
					<Add library="SDL" />
					<Add library="GL" />
				</Linker>
			</Target>
			<Target title="Release">
				<Option output="../bin/Release/3S3K3D" prefix_auto="1" extension_auto="1" />
				<Option object_output="../obj/Release/" />
				<Option type="1" />
				<Option compiler="gcc" />
				<Compiler>
					<Add option="-O2" />
				</Compiler>
				<Linker>
					<Add option="-s" />
				</Linker>
			</Target>
		</Build>
		<Compiler>
			<Add option="-Wall" />
		</Compiler>
		<Unit filename="include/core/GameProgram.h" />
		<Unit filename="include/geometry/extents2.h" />
		<Unit filename="include/geometry/extents3.h" />
		<Unit filename="include/geometry/interval.h" />
		<Unit filename="include/geometry/line2.h" />
		<Unit filename="include/geometry/line3.h" />
		<Unit filename="include/geometry/linesegment2.h" />
		<Unit filename="include/geometry/linesegment3.h" />
		<Unit filename="include/geometry/math.h" />
		<Unit filename="include/geometry/matrix2x2.h" />
		<Unit filename="include/geometry/matrix3x3.h" />
		<Unit filename="include/geometry/matrix4x4.h" />
		<Unit filename="include/geometry/plane2.h" />
		<Unit filename="include/geometry/plane3.h" />
		<Unit filename="include/geometry/ray2.h" />
		<Unit filename="include/geometry/ray3.h" />
		<Unit filename="include/geometry/runtimeassert.h" />
		<Unit filename="include/geometry/staticassert.h" />
		<Unit filename="include/geometry/transform2.h" />
		<Unit filename="include/geometry/transform3.h" />
		<Unit filename="include/geometry/vector2.h" />
		<Unit filename="include/geometry/vector2array.h" />
		<Unit filename="include/geometry/vector3.h" />
		<Unit filename="include/geometry/vector3array.h" />
		<Unit filename="main.cpp" />
		<Unit filename="src/core/GameProgram.cpp" />
		<Unit filename="src/geometry/extents2.cpp" />
		<Unit filename="src/geometry/extents3.cpp" />
		<Unit filename="src/geometry/interval.cpp" />
		<Unit filename="src/geometry/line2.cpp" />
		<Unit filename="src/geometry/line3.cpp" />
		<Unit filename="src/geometry/linesegment2.cpp" />
		<Unit filename="src/geometry/linesegment3.cpp" />
		<Unit filename="src/geometry/math.cpp" />
		<Unit filename="src/geometry/matrix2x2.cpp" />
		<Unit filename="src/geometry/matrix3x3.cpp" />
		<Unit filename="src/geometry/matrix4x4.cpp" />
		<Unit filename="src/geometry/plane2.cpp" />
		<Unit filename="src/geometry/plane3.cpp" />
		<Unit filename="src/geometry/ray2.cpp" />
		<Unit filename="src/geometry/ray3.cpp" />
		<Unit filename="src/geometry/transform2.cpp" />
		<Unit filename="src/geometry/transform3.cpp" />
		<Unit filename="src/geometry/vector2.cpp" />
		<Unit filename="src/geometry/vector2array.cpp" />
		<Unit filename="src/geometry/vector3.cpp" />
		<Unit filename="src/geometry/vector3array.cpp" />
		<Extensions>
			<envvars />
			<code_completion />
			<lib_finder disable_auto="1" />
			<debugger />
		</Extensions>
	</Project>
</CodeBlocks_project_file>
