<?xml version="1.0" encoding="UTF-8" standalone="yes" ?>
<CodeBlocks_project_file>
	<FileVersion major="1" minor="6" />
	<Project>
		<Option title="game_mingw" />
		<Option pch_mode="2" />
		<Option compiler="gcc" />
		<Build>
			<Target title="static_debug">
				<Option output="..\..\bin\gamed" prefix_auto="1" extension_auto="1" />
				<Option working_dir="..\..\bin" />
				<Option object_output="obj\static_debug\" />
				<Option type="1" />
				<Option compiler="gcc" />
				<Compiler>
					<Add option="-Wall" />
					<Add option="-g" />
					<Add option="-O0" />
				</Compiler>
				<Linker>
					<Add library="..\..\lib\libconfigurationd.a" />
					<Add library="..\..\lib\libgraphicsd.a" />
					<Add library="..\..\lib\libgeometryd.a" />
					<Add library="..\..\lib\libinputd.a" />
					<Add library="..\..\lib\libsoundd.a" />
					<Add library="..\..\lib\lib3ds.dll.a" />
					<Add library="..\..\lib\libglew.dll.a" />
					<Add library="..\..\lib\libSDL.dll.a" />
					<Add library="..\..\lib\libSDL_image.dll.a" />
					<Add library="..\..\lib\libSDL_mixer.dll.a" />
					<Add library="libopengl32.a" />
				</Linker>
			</Target>
			<Target title="static_release">
				<Option output="..\..\bin\game" prefix_auto="1" extension_auto="1" />
				<Option working_dir="..\..\bin" />
				<Option object_output="obj\static_release\" />
				<Option type="1" />
				<Option compiler="gcc" />
				<Compiler>
					<Add option="-O2" />
					<Add option="-Wall" />
					<Add option="-DNDEBUG" />
				</Compiler>
				<Linker>
					<Add option="-s" />
					<Add library="..\..\lib\libconfiguration.a" />
					<Add library="..\..\lib\libgraphics.a" />
					<Add library="..\..\lib\libgeometry.a" />
					<Add library="..\..\lib\libinput.a" />
					<Add library="..\..\lib\libsound.a" />
					<Add library="..\..\lib\lib3ds.dll.a" />
					<Add library="..\..\lib\libglew.dll.a" />
					<Add library="..\..\lib\libSDL.dll.a" />
					<Add library="..\..\lib\libSDL_image.dll.a" />
					<Add library="..\..\lib\libSDL_mixer.dll.a" />
					<Add library="libopengl32.a" />
				</Linker>
			</Target>
		</Build>
		<Compiler>
			<Add option="-fexceptions" />
			<Add directory="..\..\include" />
		</Compiler>
		<Linker>
			<Add directory="..\..\lib" />
		</Linker>
		<Unit filename="..\..\src\game\gameprogram.cpp" />
		<Unit filename="..\..\src\game\gameprogram.h" />
		<Unit filename="..\..\src\game\gamewindow.cpp" />
		<Unit filename="..\..\src\game\gamewindow.h" />
		<Unit filename="..\..\src\game\main.cpp" />
		<Extensions>
			<code_completion />
			<debugger />
			<envvars />
		</Extensions>
	</Project>
</CodeBlocks_project_file>
