<?xml version="1.0" encoding="UTF-8" standalone="yes" ?>
<CodeBlocks_project_file>
	<FileVersion major="1" minor="6" />
	<Project>
		<Option title="graphics" />
		<Option pch_mode="2" />
		<Option compiler="gcc" />
		<Build>
			<Target title="static_debug">
				<Option output="..\..\lib\libgraphicsd" prefix_auto="1" extension_auto="1" />
				<Option working_dir="" />
				<Option object_output="obj\static_debug\" />
				<Option type="2" />
				<Option compiler="gcc" />
				<Option createDefFile="1" />
				<Compiler>
					<Add option="-Wall" />
					<Add option="-g" />
				</Compiler>
			</Target>
			<Target title="static_release">
				<Option output="..\..\lib\libgraphics" prefix_auto="1" extension_auto="1" />
				<Option working_dir="" />
				<Option object_output="obj\static_release\" />
				<Option type="2" />
				<Option compiler="gcc" />
				<Option createDefFile="1" />
				<Compiler>
					<Add option="-O2" />
					<Add option="-Wall" />
				</Compiler>
				<Linker>
					<Add option="-s" />
				</Linker>
			</Target>
		</Build>
		<Compiler>
			<Add directory="..\..\include" />
		</Compiler>
		<Unit filename="..\..\include\graphics\blendstate.h" />
		<Unit filename="..\..\include\graphics\color3.h" />
		<Unit filename="..\..\include\graphics\color4.h" />
		<Unit filename="..\..\include\graphics\cullstate.h" />
		<Unit filename="..\..\include\graphics\depthstate.h" />
		<Unit filename="..\..\include\graphics\drawparams.h" />
		<Unit filename="..\..\include\graphics\floatvariable.h" />
		<Unit filename="..\..\include\graphics\fragmentshader.h" />
		<Unit filename="..\..\include\graphics\indexbuffer.h" />
		<Unit filename="..\..\include\graphics\material.h" />
		<Unit filename="..\..\include\graphics\mesh.h" />
		<Unit filename="..\..\include\graphics\modelreader.h" />
		<Unit filename="..\..\include\graphics\nodes\cameranode.h" />
		<Unit filename="..\..\include\graphics\nodes\meshnode.h" />
		<Unit filename="..\..\include\graphics\nodes\node.h" />
		<Unit filename="..\..\include\graphics\nodevisitors\nodevisitor.h" />
		<Unit filename="..\..\include\graphics\nodevisitors\visiblegeometryquery.h" />
		<Unit filename="..\..\include\graphics\nodevisitors\visiblelightquery.h" />
		<Unit filename="..\..\include\graphics\opengl.h" />
		<Unit filename="..\..\include\graphics\program.h" />
		<Unit filename="..\..\include\graphics\programmanager.h" />
		<Unit filename="..\..\include\graphics\projectionsettings.h" />
		<Unit filename="..\..\include\graphics\rectanglef.h" />
		<Unit filename="..\..\include\graphics\rectanglei.h" />
		<Unit filename="..\..\include\graphics\renderer.h" />
		<Unit filename="..\..\include\graphics\rendertarget.h" />
		<Unit filename="..\..\include\graphics\resourcemanager.h" />
		<Unit filename="..\..\include\graphics\runtimeassert.h" />
		<Unit filename="..\..\include\graphics\sampler2dvariable.h" />
		<Unit filename="..\..\include\graphics\shader.h" />
		<Unit filename="..\..\include\graphics\staticassert.h" />
		<Unit filename="..\..\include\graphics\stencilstate.h" />
		<Unit filename="..\..\include\graphics\texture.h" />
		<Unit filename="..\..\include\graphics\variable.h" />
		<Unit filename="..\..\include\graphics\vec3variable.h" />
		<Unit filename="..\..\include\graphics\vertexattribute.h" />
		<Unit filename="..\..\include\graphics\vertexbuffer.h" />
		<Unit filename="..\..\include\graphics\vertexformat.h" />
		<Unit filename="..\..\include\graphics\vertexshader.h" />
		<Unit filename="..\..\include\graphics\viewport.h" />
		<Unit filename="..\..\include\graphics\visibilitytest.h" />
		<Unit filename="..\..\src\graphics\blendstate.cpp" />
		<Unit filename="..\..\src\graphics\color3.cpp" />
		<Unit filename="..\..\src\graphics\color4.cpp" />
		<Unit filename="..\..\src\graphics\cullstate.cpp" />
		<Unit filename="..\..\src\graphics\depthstate.cpp" />
		<Unit filename="..\..\src\graphics\drawparams.cpp" />
		<Unit filename="..\..\src\graphics\floatvariable.cpp" />
		<Unit filename="..\..\src\graphics\fragmentshader.cpp" />
		<Unit filename="..\..\src\graphics\indexbuffer.cpp" />
		<Unit filename="..\..\src\graphics\material.cpp" />
		<Unit filename="..\..\src\graphics\mesh.cpp" />
		<Unit filename="..\..\src\graphics\modelreader.cpp" />
		<Unit filename="..\..\src\graphics\nodes\cameranode.cpp" />
		<Unit filename="..\..\src\graphics\nodes\meshnode.cpp" />
		<Unit filename="..\..\src\graphics\nodes\node.cpp" />
		<Unit filename="..\..\src\graphics\nodevisitors\visiblegeometryquery.cpp" />
		<Unit filename="..\..\src\graphics\nodevisitors\visiblelightquery.cpp" />
		<Unit filename="..\..\src\graphics\program.cpp" />
		<Unit filename="..\..\src\graphics\programmanager.cpp" />
		<Unit filename="..\..\src\graphics\projectionsettings.cpp" />
		<Unit filename="..\..\src\graphics\renderer.cpp" />
		<Unit filename="..\..\src\graphics\rendertarget.cpp" />
		<Unit filename="..\..\src\graphics\sampler2dvariable.cpp" />
		<Unit filename="..\..\src\graphics\shader.cpp" />
		<Unit filename="..\..\src\graphics\stencilstate.cpp" />
		<Unit filename="..\..\src\graphics\texture.cpp" />
		<Unit filename="..\..\src\graphics\variable.cpp" />
		<Unit filename="..\..\src\graphics\vec3variable.cpp" />
		<Unit filename="..\..\src\graphics\vertexattribute.cpp" />
		<Unit filename="..\..\src\graphics\vertexbuffer.cpp" />
		<Unit filename="..\..\src\graphics\vertexformat.cpp" />
		<Unit filename="..\..\src\graphics\vertexshader.cpp" />
		<Unit filename="..\..\src\graphics\viewport.cpp" />
		<Unit filename="..\..\src\graphics\visibilitytest.cpp" />
		<Extensions>
			<code_completion />
			<debugger />
			<envvars />
		</Extensions>
	</Project>
</CodeBlocks_project_file>
